github.com/adityatelange/hugo-PaperMod v0.0.0-20230204122807-35643680d2f7 h1:e9lmznpzD74m8d9sj6xFwgaOX7ZdWP0xzSgzgSGwlHI=
github.com/adityatelange/hugo-PaperMod v0.0.0-20230204122807-35643680d2f7/go.mod h1:HCHxNMKYdGafUYjVV3ICiAqznZK2yH0iI53jqcDFDdQ=
github.com/dillonzq/LoveIt v0.2.11 h1:rIj8YX5oJHHyKazLLWBwvURCoVizsNBQJc6vVKX6AG8=
github.com/dillonzq/LoveIt v0.2.11/go.mod h1:6IBQv4PKou3cERt0xcxud81O793taOmJqYKXn1eNPB4=
github.com/theNewDynamic/gohugo-theme-ananke v0.0.0-20230203204610-a1a99cf12681 h1:iPc5eu4EV8YZEOh1WsTqLcQmqj96TbqI+BGpBD4a5lo=
github.com/theNewDynamic/gohugo-theme-ananke v0.0.0-20230203204610-a1a99cf12681/go.mod h1:yY14BLqqh5G61rO81YcJKMHY1rClY5iIiUK+K2JKSUM=
